
Microsoft Visual Studio Solution File, Format Version 12.00
# Visual Studio Version 16
VisualStudioVersion = 16.0.33130.400
MinimumVisualStudioVersion = 10.0.40219.1
Project("{9A19103F-16F7-4668-BE54-9A1E7A4F7556}") = "Shop", "Shop\Shop.csproj", "{C262B68B-C68A-441E-9207-6D601132CA6E}"
EndProject
Global
	GlobalSection(SolutionConfigurationPlatforms) = preSolution
		Debug|Any CPU = Debug|Any CPU
		Release|Any CPU = Release|Any CPU
	EndGlobalSection
	GlobalSection(ProjectConfigurationPlatforms) = postSolution
		{C262B68B-C68A-441E-9207-6D601132CA6E}.Debug|Any CPU.ActiveCfg = Debug|Any CPU
		{C262B68B-C68A-441E-9207-6D601132CA6E}.Debug|Any CPU.Build.0 = Debug|Any CPU
		{C262B68B-C68A-441E-9207-6D601132CA6E}.Release|Any CPU.ActiveCfg = Release|Any CPU
		{C262B68B-C68A-441E-9207-6D601132CA6E}.Release|Any CPU.Build.0 = Release|Any CPU
	EndGlobalSection
	GlobalSection(SolutionProperties) = preSolution
		HideSolutionNode = FALSE
	EndGlobalSection
	GlobalSection(ExtensibilityGlobals) = postSolution
		SolutionGuid = {C677D9E8-6D81-4120-83D2-D601222D6730}
	EndGlobalSection
EndGlobal
